
Microsoft Visual Studio Solution File, Format Version 12.00
# Visual Studio 15
VisualStudioVersion = 15.0.28307.902
MinimumVisualStudioVersion = 10.0.40219.1
Project("{FAE04EC0-301F-11D3-BF4B-00C04F79EFBC}") = "ExemploVetorMediaAltura", "ExemploVetorMediaAltura\ExemploVetorMediaAltura.csproj", "{2EBB7E8D-4E3A-46D0-9C64-8C70BF6F226C}"
EndProject
Global
	GlobalSection(SolutionConfigurationPlatforms) = preSolution
		Debug|Any CPU = Debug|Any CPU
		Release|Any CPU = Release|Any CPU
	EndGlobalSection
	GlobalSection(ProjectConfigurationPlatforms) = postSolution
		{2EBB7E8D-4E3A-46D0-9C64-8C70BF6F226C}.Debug|Any CPU.ActiveCfg = Debug|Any CPU
		{2EBB7E8D-4E3A-46D0-9C64-8C70BF6F226C}.Debug|Any CPU.Build.0 = Debug|Any CPU
		{2EBB7E8D-4E3A-46D0-9C64-8C70BF6F226C}.Release|Any CPU.ActiveCfg = Release|Any CPU
		{2EBB7E8D-4E3A-46D0-9C64-8C70BF6F226C}.Release|Any CPU.Build.0 = Release|Any CPU
	EndGlobalSection
	GlobalSection(SolutionProperties) = preSolution
		HideSolutionNode = FALSE
	EndGlobalSection
	GlobalSection(ExtensibilityGlobals) = postSolution
		SolutionGuid = {BE9A8023-2FDF-4FB9-9A3C-5379EB542770}
	EndGlobalSection
EndGlobal
